
Microsoft Visual Studio Solution File, Format Version 12.00
# Visual Studio Version 17
VisualStudioVersion = 17.14.36202.13 d17.14
MinimumVisualStudioVersion = 10.0.40219.1
Project("{FAE04EC0-301F-11D3-BF4B-00C04F79EFBC}") = "ClientesAPI", "ClientesAPI\ClientesAPI.csproj", "{044B4DDF-BDCD-4680-9856-C4061B6A2BE1}"
EndProject
Global
	GlobalSection(SolutionConfigurationPlatforms) = preSolution
		Debug|Any CPU = Debug|Any CPU
		Release|Any CPU = Release|Any CPU
	EndGlobalSection
	GlobalSection(ProjectConfigurationPlatforms) = postSolution
		{044B4DDF-BDCD-4680-9856-C4061B6A2BE1}.Debug|Any CPU.ActiveCfg = Debug|Any CPU
		{044B4DDF-BDCD-4680-9856-C4061B6A2BE1}.Debug|Any CPU.Build.0 = Debug|Any CPU
		{044B4DDF-BDCD-4680-9856-C4061B6A2BE1}.Release|Any CPU.ActiveCfg = Release|Any CPU
		{044B4DDF-BDCD-4680-9856-C4061B6A2BE1}.Release|Any CPU.Build.0 = Release|Any CPU
	EndGlobalSection
	GlobalSection(SolutionProperties) = preSolution
		HideSolutionNode = FALSE
	EndGlobalSection
	GlobalSection(ExtensibilityGlobals) = postSolution
		SolutionGuid = {AA973248-7BF0-4BA0-8880-3D9C15397C71}
	EndGlobalSection
EndGlobal
